{
  "requires": true,
  "lockfileVersion": 1,
  "dependencies": {
    "async": {
      "version": "3.2.4",
      "resolved": "https://registry.npmjs.org/async/-/async-3.2.4.tgz",
      "integrity": "sha512-iAB+JbDEGXhyIUavoDl9WP/Jj106Kz9DEn1DPgYw5ruDn0e3Wgi3sKFm55sASdGBNOQB8F59d9qQ7deqrHA8wQ=="
    },
    "commander": {
      "version": "9.5.0",
      "resolved": "https://registry.npmjs.org/commander/-/commander-9.5.0.tgz",
      "integrity": "sha512-KRs7WVDKg86PWiuAqhDrAQnTXZKraVcCc6vFdL14qrZ/DcWwuRo7VoiYXalXO7S5GKpqYiVEwCbgFDfxNHKJBQ=="
    },
    "migrations": {
      "version": "1.3.0",
      "resolved": "https://registry.npmjs.org/migrations/-/migrations-1.3.0.tgz",
      "integrity": "sha512-KcDnWqWoDeD78F+7xgw8oQcIAZPZ40GaxKkHEcONHZGoGTfm8Ym2kjqHmig6PPw8VpWk3cCU0RMaU28K2kRHbA==",
      "requires": {
        "async": "^3.2.4",
        "commander": "^9.4.1"
      }
    }
  }
}
